
Microsoft Visual Studio Solution File, Format Version 12.00
# Visual Studio 14
VisualStudioVersion = 14.0.25420.1
MinimumVisualStudioVersion = 10.0.40219.1
Project("{FAE04EC0-301F-11D3-BF4B-00C04F79EFBC}") = "wpfsavefile", "wpfsavefile\wpfsavefile.csproj", "{D77B99B5-8BB8-43C9-BC70-F0E9D21E1E96}"
EndProject
Project("{6141683F-8A12-4E36-9623-2EB02B2C2303}") = "Setup2", "Setup2\Setup2.isproj", "{72664F39-B94B-447D-82A9-86813A799B66}"
EndProject
Project("{FAE04EC0-301F-11D3-BF4B-00C04F79EFBC}") = "uwpSavefile", "uwpsavefile\uwpSavefile.csproj", "{FF43BFB6-918C-4134-BFBB-E63CB2719A00}"
EndProject
Project("{FAE04EC0-301F-11D3-BF4B-00C04F79EFBC}") = "uwpSerializer", "uwpSerializer\uwpSerializer.csproj", "{3D72A2C4-9C82-45F1-A74A-D208D19E02E4}"
EndProject
Project("{FAE04EC0-301F-11D3-BF4B-00C04F79EFBC}") = "uwpApplicationBase", "uwpApplicationBase\uwpApplicationBase.csproj", "{D8CA10DF-EB46-4635-968C-97AF72DFB151}"
EndProject
Project("{FAE04EC0-301F-11D3-BF4B-00C04F79EFBC}") = "uwpReflect", "uwpReflect\uwpReflect.csproj", "{79C8ED46-5AEC-48F5-BEB1-E9E4D7F8C3C7}"
EndProject
Project("{FAE04EC0-301F-11D3-BF4B-00C04F79EFBC}") = "WinFormUWPNuget", "WinFormUWPNuget\WinFormUWPNuget.csproj", "{B60F5F90-5B11-4AD4-A0D9-CA0B84AD2F1E}"
EndProject
Global
	GlobalSection(SolutionConfigurationPlatforms) = preSolution
		CD_ROM|Any CPU = CD_ROM|Any CPU
		CD_ROM|ARM = CD_ROM|ARM
		CD_ROM|x64 = CD_ROM|x64
		CD_ROM|x86 = CD_ROM|x86
		Debug|Any CPU = Debug|Any CPU
		Debug|ARM = Debug|ARM
		Debug|x64 = Debug|x64
		Debug|x86 = Debug|x86
		DVD-5|Any CPU = DVD-5|Any CPU
		DVD-5|ARM = DVD-5|ARM
		DVD-5|x64 = DVD-5|x64
		DVD-5|x86 = DVD-5|x86
		Release|Any CPU = Release|Any CPU
		Release|ARM = Release|ARM
		Release|x64 = Release|x64
		Release|x86 = Release|x86
		SingleImage|Any CPU = SingleImage|Any CPU
		SingleImage|ARM = SingleImage|ARM
		SingleImage|x64 = SingleImage|x64
		SingleImage|x86 = SingleImage|x86
	EndGlobalSection
	GlobalSection(ProjectConfigurationPlatforms) = postSolution
		{D77B99B5-8BB8-43C9-BC70-F0E9D21E1E96}.CD_ROM|Any CPU.ActiveCfg = Release|Any CPU
		{D77B99B5-8BB8-43C9-BC70-F0E9D21E1E96}.CD_ROM|Any CPU.Build.0 = Release|Any CPU
		{D77B99B5-8BB8-43C9-BC70-F0E9D21E1E96}.CD_ROM|ARM.ActiveCfg = Debug|Any CPU
		{D77B99B5-8BB8-43C9-BC70-F0E9D21E1E96}.CD_ROM|ARM.Build.0 = Debug|Any CPU
		{D77B99B5-8BB8-43C9-BC70-F0E9D21E1E96}.CD_ROM|x64.ActiveCfg = Debug|Any CPU
		{D77B99B5-8BB8-43C9-BC70-F0E9D21E1E96}.CD_ROM|x64.Build.0 = Debug|Any CPU
		{D77B99B5-8BB8-43C9-BC70-F0E9D21E1E96}.CD_ROM|x86.ActiveCfg = Debug|Any CPU
		{D77B99B5-8BB8-43C9-BC70-F0E9D21E1E96}.CD_ROM|x86.Build.0 = Debug|Any CPU
		{D77B99B5-8BB8-43C9-BC70-F0E9D21E1E96}.Debug|Any CPU.ActiveCfg = Debug|Any CPU
		{D77B99B5-8BB8-43C9-BC70-F0E9D21E1E96}.Debug|Any CPU.Build.0 = Debug|Any CPU
		{D77B99B5-8BB8-43C9-BC70-F0E9D21E1E96}.Debug|ARM.ActiveCfg = Debug|Any CPU
		{D77B99B5-8BB8-43C9-BC70-F0E9D21E1E96}.Debug|ARM.Build.0 = Debug|Any CPU
		{D77B99B5-8BB8-43C9-BC70-F0E9D21E1E96}.Debug|x64.ActiveCfg = Debug|Any CPU
		{D77B99B5-8BB8-43C9-BC70-F0E9D21E1E96}.Debug|x64.Build.0 = Debug|Any CPU
		{D77B99B5-8BB8-43C9-BC70-F0E9D21E1E96}.Debug|x86.ActiveCfg = Debug|Any CPU
		{D77B99B5-8BB8-43C9-BC70-F0E9D21E1E96}.Debug|x86.Build.0 = Debug|Any CPU
		{D77B99B5-8BB8-43C9-BC70-F0E9D21E1E96}.DVD-5|Any CPU.ActiveCfg = Debug|Any CPU
		{D77B99B5-8BB8-43C9-BC70-F0E9D21E1E96}.DVD-5|Any CPU.Build.0 = Debug|Any CPU
		{D77B99B5-8BB8-43C9-BC70-F0E9D21E1E96}.DVD-5|ARM.ActiveCfg = Debug|Any CPU
		{D77B99B5-8BB8-43C9-BC70-F0E9D21E1E96}.DVD-5|ARM.Build.0 = Debug|Any CPU
		{D77B99B5-8BB8-43C9-BC70-F0E9D21E1E96}.DVD-5|x64.ActiveCfg = Debug|Any CPU
		{D77B99B5-8BB8-43C9-BC70-F0E9D21E1E96}.DVD-5|x64.Build.0 = Debug|Any CPU
		{D77B99B5-8BB8-43C9-BC70-F0E9D21E1E96}.DVD-5|x86.ActiveCfg = Debug|Any CPU
		{D77B99B5-8BB8-43C9-BC70-F0E9D21E1E96}.DVD-5|x86.Build.0 = Debug|Any CPU
		{D77B99B5-8BB8-43C9-BC70-F0E9D21E1E96}.Release|Any CPU.ActiveCfg = Release|Any CPU
		{D77B99B5-8BB8-43C9-BC70-F0E9D21E1E96}.Release|Any CPU.Build.0 = Release|Any CPU
		{D77B99B5-8BB8-43C9-BC70-F0E9D21E1E96}.Release|ARM.ActiveCfg = Release|Any CPU
		{D77B99B5-8BB8-43C9-BC70-F0E9D21E1E96}.Release|ARM.Build.0 = Release|Any CPU
		{D77B99B5-8BB8-43C9-BC70-F0E9D21E1E96}.Release|x64.ActiveCfg = Release|Any CPU
		{D77B99B5-8BB8-43C9-BC70-F0E9D21E1E96}.Release|x64.Build.0 = Release|Any CPU
		{D77B99B5-8BB8-43C9-BC70-F0E9D21E1E96}.Release|x86.ActiveCfg = Release|Any CPU
		{D77B99B5-8BB8-43C9-BC70-F0E9D21E1E96}.Release|x86.Build.0 = Release|Any CPU
		{D77B99B5-8BB8-43C9-BC70-F0E9D21E1E96}.SingleImage|Any CPU.ActiveCfg = Debug|Any CPU
		{D77B99B5-8BB8-43C9-BC70-F0E9D21E1E96}.SingleImage|Any CPU.Build.0 = Debug|Any CPU
		{D77B99B5-8BB8-43C9-BC70-F0E9D21E1E96}.SingleImage|ARM.ActiveCfg = Debug|Any CPU
		{D77B99B5-8BB8-43C9-BC70-F0E9D21E1E96}.SingleImage|ARM.Build.0 = Debug|Any CPU
		{D77B99B5-8BB8-43C9-BC70-F0E9D21E1E96}.SingleImage|x64.ActiveCfg = Debug|Any CPU
		{D77B99B5-8BB8-43C9-BC70-F0E9D21E1E96}.SingleImage|x64.Build.0 = Debug|Any CPU
		{D77B99B5-8BB8-43C9-BC70-F0E9D21E1E96}.SingleImage|x86.ActiveCfg = Debug|Any CPU
		{D77B99B5-8BB8-43C9-BC70-F0E9D21E1E96}.SingleImage|x86.Build.0 = Debug|Any CPU
		{72664F39-B94B-447D-82A9-86813A799B66}.CD_ROM|Any CPU.ActiveCfg = CD_ROM
		{72664F39-B94B-447D-82A9-86813A799B66}.CD_ROM|Any CPU.Build.0 = CD_ROM
		{72664F39-B94B-447D-82A9-86813A799B66}.CD_ROM|ARM.ActiveCfg = CD_ROM
		{72664F39-B94B-447D-82A9-86813A799B66}.CD_ROM|ARM.Build.0 = CD_ROM
		{72664F39-B94B-447D-82A9-86813A799B66}.CD_ROM|x64.ActiveCfg = CD_ROM
		{72664F39-B94B-447D-82A9-86813A799B66}.CD_ROM|x64.Build.0 = CD_ROM
		{72664F39-B94B-447D-82A9-86813A799B66}.CD_ROM|x86.ActiveCfg = CD_ROM
		{72664F39-B94B-447D-82A9-86813A799B66}.CD_ROM|x86.Build.0 = CD_ROM
		{72664F39-B94B-447D-82A9-86813A799B66}.Debug|Any CPU.ActiveCfg = DVD-5
		{72664F39-B94B-447D-82A9-86813A799B66}.Debug|Any CPU.Build.0 = DVD-5
		{72664F39-B94B-447D-82A9-86813A799B66}.Debug|ARM.ActiveCfg = DVD-5
		{72664F39-B94B-447D-82A9-86813A799B66}.Debug|ARM.Build.0 = DVD-5
		{72664F39-B94B-447D-82A9-86813A799B66}.Debug|x64.ActiveCfg = DVD-5
		{72664F39-B94B-447D-82A9-86813A799B66}.Debug|x64.Build.0 = DVD-5
		{72664F39-B94B-447D-82A9-86813A799B66}.Debug|x86.ActiveCfg = DVD-5
		{72664F39-B94B-447D-82A9-86813A799B66}.Debug|x86.Build.0 = DVD-5
		{72664F39-B94B-447D-82A9-86813A799B66}.DVD-5|Any CPU.ActiveCfg = DVD-5
		{72664F39-B94B-447D-82A9-86813A799B66}.DVD-5|Any CPU.Build.0 = DVD-5
		{72664F39-B94B-447D-82A9-86813A799B66}.DVD-5|ARM.ActiveCfg = DVD-5
		{72664F39-B94B-447D-82A9-86813A799B66}.DVD-5|ARM.Build.0 = DVD-5
		{72664F39-B94B-447D-82A9-86813A799B66}.DVD-5|x64.ActiveCfg = DVD-5
		{72664F39-B94B-447D-82A9-86813A799B66}.DVD-5|x64.Build.0 = DVD-5
		{72664F39-B94B-447D-82A9-86813A799B66}.DVD-5|x86.ActiveCfg = DVD-5
		{72664F39-B94B-447D-82A9-86813A799B66}.DVD-5|x86.Build.0 = DVD-5
		{72664F39-B94B-447D-82A9-86813A799B66}.Release|Any CPU.ActiveCfg = SingleImage
		{72664F39-B94B-447D-82A9-86813A799B66}.Release|Any CPU.Build.0 = SingleImage
		{72664F39-B94B-447D-82A9-86813A799B66}.Release|ARM.ActiveCfg = SingleImage
		{72664F39-B94B-447D-82A9-86813A799B66}.Release|ARM.Build.0 = SingleImage
		{72664F39-B94B-447D-82A9-86813A799B66}.Release|x64.ActiveCfg = SingleImage
		{72664F39-B94B-447D-82A9-86813A799B66}.Release|x64.Build.0 = SingleImage
		{72664F39-B94B-447D-82A9-86813A799B66}.Release|x86.ActiveCfg = SingleImage
		{72664F39-B94B-447D-82A9-86813A799B66}.Release|x86.Build.0 = SingleImage
		{72664F39-B94B-447D-82A9-86813A799B66}.SingleImage|Any CPU.ActiveCfg = SingleImage
		{72664F39-B94B-447D-82A9-86813A799B66}.SingleImage|Any CPU.Build.0 = SingleImage
		{72664F39-B94B-447D-82A9-86813A799B66}.SingleImage|ARM.ActiveCfg = SingleImage
		{72664F39-B94B-447D-82A9-86813A799B66}.SingleImage|ARM.Build.0 = SingleImage
		{72664F39-B94B-447D-82A9-86813A799B66}.SingleImage|x64.ActiveCfg = SingleImage
		{72664F39-B94B-447D-82A9-86813A799B66}.SingleImage|x64.Build.0 = SingleImage
		{72664F39-B94B-447D-82A9-86813A799B66}.SingleImage|x86.ActiveCfg = SingleImage
		{72664F39-B94B-447D-82A9-86813A799B66}.SingleImage|x86.Build.0 = SingleImage
		{FF43BFB6-918C-4134-BFBB-E63CB2719A00}.CD_ROM|Any CPU.ActiveCfg = Release|x64
		{FF43BFB6-918C-4134-BFBB-E63CB2719A00}.CD_ROM|Any CPU.Build.0 = Release|x64
		{FF43BFB6-918C-4134-BFBB-E63CB2719A00}.CD_ROM|Any CPU.Deploy.0 = Release|x64
		{FF43BFB6-918C-4134-BFBB-E63CB2719A00}.CD_ROM|ARM.ActiveCfg = Release|ARM
		{FF43BFB6-918C-4134-BFBB-E63CB2719A00}.CD_ROM|ARM.Build.0 = Release|ARM
		{FF43BFB6-918C-4134-BFBB-E63CB2719A00}.CD_ROM|ARM.Deploy.0 = Release|ARM
		{FF43BFB6-918C-4134-BFBB-E63CB2719A00}.CD_ROM|x64.ActiveCfg = Release|x64
		{FF43BFB6-918C-4134-BFBB-E63CB2719A00}.CD_ROM|x64.Build.0 = Release|x64
		{FF43BFB6-918C-4134-BFBB-E63CB2719A00}.CD_ROM|x64.Deploy.0 = Release|x64
		{FF43BFB6-918C-4134-BFBB-E63CB2719A00}.CD_ROM|x86.ActiveCfg = Release|x86
		{FF43BFB6-918C-4134-BFBB-E63CB2719A00}.CD_ROM|x86.Build.0 = Release|x86
		{FF43BFB6-918C-4134-BFBB-E63CB2719A00}.CD_ROM|x86.Deploy.0 = Release|x86
		{FF43BFB6-918C-4134-BFBB-E63CB2719A00}.Debug|Any CPU.ActiveCfg = Debug|x86
		{FF43BFB6-918C-4134-BFBB-E63CB2719A00}.Debug|ARM.ActiveCfg = Debug|ARM
		{FF43BFB6-918C-4134-BFBB-E63CB2719A00}.Debug|ARM.Build.0 = Debug|ARM
		{FF43BFB6-918C-4134-BFBB-E63CB2719A00}.Debug|ARM.Deploy.0 = Debug|ARM
		{FF43BFB6-918C-4134-BFBB-E63CB2719A00}.Debug|x64.ActiveCfg = Debug|x64
		{FF43BFB6-918C-4134-BFBB-E63CB2719A00}.Debug|x64.Build.0 = Debug|x64
		{FF43BFB6-918C-4134-BFBB-E63CB2719A00}.Debug|x64.Deploy.0 = Debug|x64
		{FF43BFB6-918C-4134-BFBB-E63CB2719A00}.Debug|x86.ActiveCfg = Debug|x86
		{FF43BFB6-918C-4134-BFBB-E63CB2719A00}.Debug|x86.Build.0 = Debug|x86
		{FF43BFB6-918C-4134-BFBB-E63CB2719A00}.Debug|x86.Deploy.0 = Debug|x86
		{FF43BFB6-918C-4134-BFBB-E63CB2719A00}.DVD-5|Any CPU.ActiveCfg = Release|x64
		{FF43BFB6-918C-4134-BFBB-E63CB2719A00}.DVD-5|Any CPU.Build.0 = Release|x64
		{FF43BFB6-918C-4134-BFBB-E63CB2719A00}.DVD-5|Any CPU.Deploy.0 = Release|x64
		{FF43BFB6-918C-4134-BFBB-E63CB2719A00}.DVD-5|ARM.ActiveCfg = Debug|ARM
		{FF43BFB6-918C-4134-BFBB-E63CB2719A00}.DVD-5|ARM.Build.0 = Debug|ARM
		{FF43BFB6-918C-4134-BFBB-E63CB2719A00}.DVD-5|ARM.Deploy.0 = Debug|ARM
		{FF43BFB6-918C-4134-BFBB-E63CB2719A00}.DVD-5|x64.ActiveCfg = Debug|x64
		{FF43BFB6-918C-4134-BFBB-E63CB2719A00}.DVD-5|x64.Build.0 = Debug|x64
		{FF43BFB6-918C-4134-BFBB-E63CB2719A00}.DVD-5|x64.Deploy.0 = Debug|x64
		{FF43BFB6-918C-4134-BFBB-E63CB2719A00}.DVD-5|x86.ActiveCfg = Debug|x86
		{FF43BFB6-918C-4134-BFBB-E63CB2719A00}.DVD-5|x86.Build.0 = Debug|x86
		{FF43BFB6-918C-4134-BFBB-E63CB2719A00}.DVD-5|x86.Deploy.0 = Debug|x86
		{FF43BFB6-918C-4134-BFBB-E63CB2719A00}.Release|Any CPU.ActiveCfg = Release|x86
		{FF43BFB6-918C-4134-BFBB-E63CB2719A00}.Release|ARM.ActiveCfg = Release|ARM
		{FF43BFB6-918C-4134-BFBB-E63CB2719A00}.Release|ARM.Build.0 = Release|ARM
		{FF43BFB6-918C-4134-BFBB-E63CB2719A00}.Release|ARM.Deploy.0 = Release|ARM
		{FF43BFB6-918C-4134-BFBB-E63CB2719A00}.Release|x64.ActiveCfg = Release|x64
		{FF43BFB6-918C-4134-BFBB-E63CB2719A00}.Release|x64.Build.0 = Release|x64
		{FF43BFB6-918C-4134-BFBB-E63CB2719A00}.Release|x64.Deploy.0 = Release|x64
		{FF43BFB6-918C-4134-BFBB-E63CB2719A00}.Release|x86.ActiveCfg = Release|x86
		{FF43BFB6-918C-4134-BFBB-E63CB2719A00}.Release|x86.Build.0 = Release|x86
		{FF43BFB6-918C-4134-BFBB-E63CB2719A00}.Release|x86.Deploy.0 = Release|x86
		{FF43BFB6-918C-4134-BFBB-E63CB2719A00}.SingleImage|Any CPU.ActiveCfg = Release|x64
		{FF43BFB6-918C-4134-BFBB-E63CB2719A00}.SingleImage|Any CPU.Build.0 = Release|x64
		{FF43BFB6-918C-4134-BFBB-E63CB2719A00}.SingleImage|Any CPU.Deploy.0 = Release|x64
		{FF43BFB6-918C-4134-BFBB-E63CB2719A00}.SingleImage|ARM.ActiveCfg = Release|ARM
		{FF43BFB6-918C-4134-BFBB-E63CB2719A00}.SingleImage|ARM.Build.0 = Release|ARM
		{FF43BFB6-918C-4134-BFBB-E63CB2719A00}.SingleImage|ARM.Deploy.0 = Release|ARM
		{FF43BFB6-918C-4134-BFBB-E63CB2719A00}.SingleImage|x64.ActiveCfg = Release|x64
		{FF43BFB6-918C-4134-BFBB-E63CB2719A00}.SingleImage|x64.Build.0 = Release|x64
		{FF43BFB6-918C-4134-BFBB-E63CB2719A00}.SingleImage|x64.Deploy.0 = Release|x64
		{FF43BFB6-918C-4134-BFBB-E63CB2719A00}.SingleImage|x86.ActiveCfg = Debug|x86
		{FF43BFB6-918C-4134-BFBB-E63CB2719A00}.SingleImage|x86.Build.0 = Debug|x86
		{FF43BFB6-918C-4134-BFBB-E63CB2719A00}.SingleImage|x86.Deploy.0 = Debug|x86
		{3D72A2C4-9C82-45F1-A74A-D208D19E02E4}.CD_ROM|Any CPU.ActiveCfg = Release|x64
		{3D72A2C4-9C82-45F1-A74A-D208D19E02E4}.CD_ROM|Any CPU.Build.0 = Release|x64
		{3D72A2C4-9C82-45F1-A74A-D208D19E02E4}.CD_ROM|Any CPU.Deploy.0 = Release|x64
		{3D72A2C4-9C82-45F1-A74A-D208D19E02E4}.CD_ROM|ARM.ActiveCfg = Release|ARM
		{3D72A2C4-9C82-45F1-A74A-D208D19E02E4}.CD_ROM|ARM.Build.0 = Release|ARM
		{3D72A2C4-9C82-45F1-A74A-D208D19E02E4}.CD_ROM|ARM.Deploy.0 = Release|ARM
		{3D72A2C4-9C82-45F1-A74A-D208D19E02E4}.CD_ROM|x64.ActiveCfg = Release|x64
		{3D72A2C4-9C82-45F1-A74A-D208D19E02E4}.CD_ROM|x64.Build.0 = Release|x64
		{3D72A2C4-9C82-45F1-A74A-D208D19E02E4}.CD_ROM|x64.Deploy.0 = Release|x64
		{3D72A2C4-9C82-45F1-A74A-D208D19E02E4}.CD_ROM|x86.ActiveCfg = Release|x86
		{3D72A2C4-9C82-45F1-A74A-D208D19E02E4}.CD_ROM|x86.Build.0 = Release|x86
		{3D72A2C4-9C82-45F1-A74A-D208D19E02E4}.CD_ROM|x86.Deploy.0 = Release|x86
		{3D72A2C4-9C82-45F1-A74A-D208D19E02E4}.Debug|Any CPU.ActiveCfg = Debug|x86
		{3D72A2C4-9C82-45F1-A74A-D208D19E02E4}.Debug|ARM.ActiveCfg = Debug|ARM
		{3D72A2C4-9C82-45F1-A74A-D208D19E02E4}.Debug|ARM.Build.0 = Debug|ARM
		{3D72A2C4-9C82-45F1-A74A-D208D19E02E4}.Debug|ARM.Deploy.0 = Debug|ARM
		{3D72A2C4-9C82-45F1-A74A-D208D19E02E4}.Debug|x64.ActiveCfg = Debug|x64
		{3D72A2C4-9C82-45F1-A74A-D208D19E02E4}.Debug|x64.Build.0 = Debug|x64
		{3D72A2C4-9C82-45F1-A74A-D208D19E02E4}.Debug|x64.Deploy.0 = Debug|x64
		{3D72A2C4-9C82-45F1-A74A-D208D19E02E4}.Debug|x86.ActiveCfg = Debug|x86
		{3D72A2C4-9C82-45F1-A74A-D208D19E02E4}.Debug|x86.Build.0 = Debug|x86
		{3D72A2C4-9C82-45F1-A74A-D208D19E02E4}.Debug|x86.Deploy.0 = Debug|x86
		{3D72A2C4-9C82-45F1-A74A-D208D19E02E4}.DVD-5|Any CPU.ActiveCfg = Release|x64
		{3D72A2C4-9C82-45F1-A74A-D208D19E02E4}.DVD-5|Any CPU.Build.0 = Release|x64
		{3D72A2C4-9C82-45F1-A74A-D208D19E02E4}.DVD-5|Any CPU.Deploy.0 = Release|x64
		{3D72A2C4-9C82-45F1-A74A-D208D19E02E4}.DVD-5|ARM.ActiveCfg = Debug|ARM
		{3D72A2C4-9C82-45F1-A74A-D208D19E02E4}.DVD-5|ARM.Build.0 = Debug|ARM
		{3D72A2C4-9C82-45F1-A74A-D208D19E02E4}.DVD-5|ARM.Deploy.0 = Debug|ARM
		{3D72A2C4-9C82-45F1-A74A-D208D19E02E4}.DVD-5|x64.ActiveCfg = Debug|x64
		{3D72A2C4-9C82-45F1-A74A-D208D19E02E4}.DVD-5|x64.Build.0 = Debug|x64
		{3D72A2C4-9C82-45F1-A74A-D208D19E02E4}.DVD-5|x64.Deploy.0 = Debug|x64
		{3D72A2C4-9C82-45F1-A74A-D208D19E02E4}.DVD-5|x86.ActiveCfg = Debug|x86
		{3D72A2C4-9C82-45F1-A74A-D208D19E02E4}.DVD-5|x86.Build.0 = Debug|x86
		{3D72A2C4-9C82-45F1-A74A-D208D19E02E4}.DVD-5|x86.Deploy.0 = Debug|x86
		{3D72A2C4-9C82-45F1-A74A-D208D19E02E4}.Release|Any CPU.ActiveCfg = Release|x86
		{3D72A2C4-9C82-45F1-A74A-D208D19E02E4}.Release|ARM.ActiveCfg = Release|ARM
		{3D72A2C4-9C82-45F1-A74A-D208D19E02E4}.Release|ARM.Build.0 = Release|ARM
		{3D72A2C4-9C82-45F1-A74A-D208D19E02E4}.Release|ARM.Deploy.0 = Release|ARM
		{3D72A2C4-9C82-45F1-A74A-D208D19E02E4}.Release|x64.ActiveCfg = Release|x64
		{3D72A2C4-9C82-45F1-A74A-D208D19E02E4}.Release|x64.Build.0 = Release|x64
		{3D72A2C4-9C82-45F1-A74A-D208D19E02E4}.Release|x64.Deploy.0 = Release|x64
		{3D72A2C4-9C82-45F1-A74A-D208D19E02E4}.Release|x86.ActiveCfg = Release|x86
		{3D72A2C4-9C82-45F1-A74A-D208D19E02E4}.Release|x86.Build.0 = Release|x86
		{3D72A2C4-9C82-45F1-A74A-D208D19E02E4}.Release|x86.Deploy.0 = Release|x86
		{3D72A2C4-9C82-45F1-A74A-D208D19E02E4}.SingleImage|Any CPU.ActiveCfg = Release|x64
		{3D72A2C4-9C82-45F1-A74A-D208D19E02E4}.SingleImage|Any CPU.Build.0 = Release|x64
		{3D72A2C4-9C82-45F1-A74A-D208D19E02E4}.SingleImage|Any CPU.Deploy.0 = Release|x64
		{3D72A2C4-9C82-45F1-A74A-D208D19E02E4}.SingleImage|ARM.ActiveCfg = Release|ARM
		{3D72A2C4-9C82-45F1-A74A-D208D19E02E4}.SingleImage|ARM.Build.0 = Release|ARM
		{3D72A2C4-9C82-45F1-A74A-D208D19E02E4}.SingleImage|ARM.Deploy.0 = Release|ARM
		{3D72A2C4-9C82-45F1-A74A-D208D19E02E4}.SingleImage|x64.ActiveCfg = Release|x64
		{3D72A2C4-9C82-45F1-A74A-D208D19E02E4}.SingleImage|x64.Build.0 = Release|x64
		{3D72A2C4-9C82-45F1-A74A-D208D19E02E4}.SingleImage|x64.Deploy.0 = Release|x64
		{3D72A2C4-9C82-45F1-A74A-D208D19E02E4}.SingleImage|x86.ActiveCfg = Release|x86
		{3D72A2C4-9C82-45F1-A74A-D208D19E02E4}.SingleImage|x86.Build.0 = Release|x86
		{3D72A2C4-9C82-45F1-A74A-D208D19E02E4}.SingleImage|x86.Deploy.0 = Release|x86
		{D8CA10DF-EB46-4635-968C-97AF72DFB151}.CD_ROM|Any CPU.ActiveCfg = Release|x64
		{D8CA10DF-EB46-4635-968C-97AF72DFB151}.CD_ROM|Any CPU.Build.0 = Release|x64
		{D8CA10DF-EB46-4635-968C-97AF72DFB151}.CD_ROM|Any CPU.Deploy.0 = Release|x64
		{D8CA10DF-EB46-4635-968C-97AF72DFB151}.CD_ROM|ARM.ActiveCfg = Release|ARM
		{D8CA10DF-EB46-4635-968C-97AF72DFB151}.CD_ROM|ARM.Build.0 = Release|ARM
		{D8CA10DF-EB46-4635-968C-97AF72DFB151}.CD_ROM|ARM.Deploy.0 = Release|ARM
		{D8CA10DF-EB46-4635-968C-97AF72DFB151}.CD_ROM|x64.ActiveCfg = Release|x64
		{D8CA10DF-EB46-4635-968C-97AF72DFB151}.CD_ROM|x64.Build.0 = Release|x64
		{D8CA10DF-EB46-4635-968C-97AF72DFB151}.CD_ROM|x64.Deploy.0 = Release|x64
		{D8CA10DF-EB46-4635-968C-97AF72DFB151}.CD_ROM|x86.ActiveCfg = Release|x86
		{D8CA10DF-EB46-4635-968C-97AF72DFB151}.CD_ROM|x86.Build.0 = Release|x86
		{D8CA10DF-EB46-4635-968C-97AF72DFB151}.CD_ROM|x86.Deploy.0 = Release|x86
		{D8CA10DF-EB46-4635-968C-97AF72DFB151}.Debug|Any CPU.ActiveCfg = Debug|x86
		{D8CA10DF-EB46-4635-968C-97AF72DFB151}.Debug|ARM.ActiveCfg = Debug|ARM
		{D8CA10DF-EB46-4635-968C-97AF72DFB151}.Debug|ARM.Build.0 = Debug|ARM
		{D8CA10DF-EB46-4635-968C-97AF72DFB151}.Debug|ARM.Deploy.0 = Debug|ARM
		{D8CA10DF-EB46-4635-968C-97AF72DFB151}.Debug|x64.ActiveCfg = Debug|x64
		{D8CA10DF-EB46-4635-968C-97AF72DFB151}.Debug|x64.Build.0 = Debug|x64
		{D8CA10DF-EB46-4635-968C-97AF72DFB151}.Debug|x64.Deploy.0 = Debug|x64
		{D8CA10DF-EB46-4635-968C-97AF72DFB151}.Debug|x86.ActiveCfg = Debug|x86
		{D8CA10DF-EB46-4635-968C-97AF72DFB151}.Debug|x86.Build.0 = Debug|x86
		{D8CA10DF-EB46-4635-968C-97AF72DFB151}.Debug|x86.Deploy.0 = Debug|x86
		{D8CA10DF-EB46-4635-968C-97AF72DFB151}.DVD-5|Any CPU.ActiveCfg = Release|x64
		{D8CA10DF-EB46-4635-968C-97AF72DFB151}.DVD-5|Any CPU.Build.0 = Release|x64
		{D8CA10DF-EB46-4635-968C-97AF72DFB151}.DVD-5|Any CPU.Deploy.0 = Release|x64
		{D8CA10DF-EB46-4635-968C-97AF72DFB151}.DVD-5|ARM.ActiveCfg = Debug|ARM
		{D8CA10DF-EB46-4635-968C-97AF72DFB151}.DVD-5|ARM.Build.0 = Debug|ARM
		{D8CA10DF-EB46-4635-968C-97AF72DFB151}.DVD-5|ARM.Deploy.0 = Debug|ARM
		{D8CA10DF-EB46-4635-968C-97AF72DFB151}.DVD-5|x64.ActiveCfg = Debug|x64
		{D8CA10DF-EB46-4635-968C-97AF72DFB151}.DVD-5|x64.Build.0 = Debug|x64
		{D8CA10DF-EB46-4635-968C-97AF72DFB151}.DVD-5|x64.Deploy.0 = Debug|x64
		{D8CA10DF-EB46-4635-968C-97AF72DFB151}.DVD-5|x86.ActiveCfg = Debug|x86
		{D8CA10DF-EB46-4635-968C-97AF72DFB151}.DVD-5|x86.Build.0 = Debug|x86
		{D8CA10DF-EB46-4635-968C-97AF72DFB151}.DVD-5|x86.Deploy.0 = Debug|x86
		{D8CA10DF-EB46-4635-968C-97AF72DFB151}.Release|Any CPU.ActiveCfg = Release|x86
		{D8CA10DF-EB46-4635-968C-97AF72DFB151}.Release|ARM.ActiveCfg = Release|ARM
		{D8CA10DF-EB46-4635-968C-97AF72DFB151}.Release|ARM.Build.0 = Release|ARM
		{D8CA10DF-EB46-4635-968C-97AF72DFB151}.Release|ARM.Deploy.0 = Release|ARM
		{D8CA10DF-EB46-4635-968C-97AF72DFB151}.Release|x64.ActiveCfg = Release|x64
		{D8CA10DF-EB46-4635-968C-97AF72DFB151}.Release|x64.Build.0 = Release|x64
		{D8CA10DF-EB46-4635-968C-97AF72DFB151}.Release|x64.Deploy.0 = Release|x64
		{D8CA10DF-EB46-4635-968C-97AF72DFB151}.Release|x86.ActiveCfg = Release|x86
		{D8CA10DF-EB46-4635-968C-97AF72DFB151}.Release|x86.Build.0 = Release|x86
		{D8CA10DF-EB46-4635-968C-97AF72DFB151}.Release|x86.Deploy.0 = Release|x86
		{D8CA10DF-EB46-4635-968C-97AF72DFB151}.SingleImage|Any CPU.ActiveCfg = Release|x64
		{D8CA10DF-EB46-4635-968C-97AF72DFB151}.SingleImage|Any CPU.Build.0 = Release|x64
		{D8CA10DF-EB46-4635-968C-97AF72DFB151}.SingleImage|Any CPU.Deploy.0 = Release|x64
		{D8CA10DF-EB46-4635-968C-97AF72DFB151}.SingleImage|ARM.ActiveCfg = Release|ARM
		{D8CA10DF-EB46-4635-968C-97AF72DFB151}.SingleImage|ARM.Build.0 = Release|ARM
		{D8CA10DF-EB46-4635-968C-97AF72DFB151}.SingleImage|ARM.Deploy.0 = Release|ARM
		{D8CA10DF-EB46-4635-968C-97AF72DFB151}.SingleImage|x64.ActiveCfg = Release|x64
		{D8CA10DF-EB46-4635-968C-97AF72DFB151}.SingleImage|x64.Build.0 = Release|x64
		{D8CA10DF-EB46-4635-968C-97AF72DFB151}.SingleImage|x64.Deploy.0 = Release|x64
		{D8CA10DF-EB46-4635-968C-97AF72DFB151}.SingleImage|x86.ActiveCfg = Release|x86
		{D8CA10DF-EB46-4635-968C-97AF72DFB151}.SingleImage|x86.Build.0 = Release|x86
		{D8CA10DF-EB46-4635-968C-97AF72DFB151}.SingleImage|x86.Deploy.0 = Release|x86
		{79C8ED46-5AEC-48F5-BEB1-E9E4D7F8C3C7}.CD_ROM|Any CPU.ActiveCfg = Release|x64
		{79C8ED46-5AEC-48F5-BEB1-E9E4D7F8C3C7}.CD_ROM|Any CPU.Build.0 = Release|x64
		{79C8ED46-5AEC-48F5-BEB1-E9E4D7F8C3C7}.CD_ROM|Any CPU.Deploy.0 = Release|x64
		{79C8ED46-5AEC-48F5-BEB1-E9E4D7F8C3C7}.CD_ROM|ARM.ActiveCfg = Release|ARM
		{79C8ED46-5AEC-48F5-BEB1-E9E4D7F8C3C7}.CD_ROM|ARM.Build.0 = Release|ARM
		{79C8ED46-5AEC-48F5-BEB1-E9E4D7F8C3C7}.CD_ROM|ARM.Deploy.0 = Release|ARM
		{79C8ED46-5AEC-48F5-BEB1-E9E4D7F8C3C7}.CD_ROM|x64.ActiveCfg = Release|x64
		{79C8ED46-5AEC-48F5-BEB1-E9E4D7F8C3C7}.CD_ROM|x64.Build.0 = Release|x64
		{79C8ED46-5AEC-48F5-BEB1-E9E4D7F8C3C7}.CD_ROM|x64.Deploy.0 = Release|x64
		{79C8ED46-5AEC-48F5-BEB1-E9E4D7F8C3C7}.CD_ROM|x86.ActiveCfg = Release|x86
		{79C8ED46-5AEC-48F5-BEB1-E9E4D7F8C3C7}.CD_ROM|x86.Build.0 = Release|x86
		{79C8ED46-5AEC-48F5-BEB1-E9E4D7F8C3C7}.CD_ROM|x86.Deploy.0 = Release|x86
		{79C8ED46-5AEC-48F5-BEB1-E9E4D7F8C3C7}.Debug|Any CPU.ActiveCfg = Debug|x86
		{79C8ED46-5AEC-48F5-BEB1-E9E4D7F8C3C7}.Debug|ARM.ActiveCfg = Debug|ARM
		{79C8ED46-5AEC-48F5-BEB1-E9E4D7F8C3C7}.Debug|ARM.Build.0 = Debug|ARM
		{79C8ED46-5AEC-48F5-BEB1-E9E4D7F8C3C7}.Debug|ARM.Deploy.0 = Debug|ARM
		{79C8ED46-5AEC-48F5-BEB1-E9E4D7F8C3C7}.Debug|x64.ActiveCfg = Debug|x64
		{79C8ED46-5AEC-48F5-BEB1-E9E4D7F8C3C7}.Debug|x64.Build.0 = Debug|x64
		{79C8ED46-5AEC-48F5-BEB1-E9E4D7F8C3C7}.Debug|x64.Deploy.0 = Debug|x64
		{79C8ED46-5AEC-48F5-BEB1-E9E4D7F8C3C7}.Debug|x86.ActiveCfg = Debug|x86
		{79C8ED46-5AEC-48F5-BEB1-E9E4D7F8C3C7}.Debug|x86.Build.0 = Debug|x86
		{79C8ED46-5AEC-48F5-BEB1-E9E4D7F8C3C7}.Debug|x86.Deploy.0 = Debug|x86
		{79C8ED46-5AEC-48F5-BEB1-E9E4D7F8C3C7}.DVD-5|Any CPU.ActiveCfg = Release|x64
		{79C8ED46-5AEC-48F5-BEB1-E9E4D7F8C3C7}.DVD-5|Any CPU.Build.0 = Release|x64
		{79C8ED46-5AEC-48F5-BEB1-E9E4D7F8C3C7}.DVD-5|Any CPU.Deploy.0 = Release|x64
		{79C8ED46-5AEC-48F5-BEB1-E9E4D7F8C3C7}.DVD-5|ARM.ActiveCfg = Debug|ARM
		{79C8ED46-5AEC-48F5-BEB1-E9E4D7F8C3C7}.DVD-5|ARM.Build.0 = Debug|ARM
		{79C8ED46-5AEC-48F5-BEB1-E9E4D7F8C3C7}.DVD-5|ARM.Deploy.0 = Debug|ARM
		{79C8ED46-5AEC-48F5-BEB1-E9E4D7F8C3C7}.DVD-5|x64.ActiveCfg = Debug|x64
		{79C8ED46-5AEC-48F5-BEB1-E9E4D7F8C3C7}.DVD-5|x64.Build.0 = Debug|x64
		{79C8ED46-5AEC-48F5-BEB1-E9E4D7F8C3C7}.DVD-5|x64.Deploy.0 = Debug|x64
		{79C8ED46-5AEC-48F5-BEB1-E9E4D7F8C3C7}.DVD-5|x86.ActiveCfg = Debug|x86
		{79C8ED46-5AEC-48F5-BEB1-E9E4D7F8C3C7}.DVD-5|x86.Build.0 = Debug|x86
		{79C8ED46-5AEC-48F5-BEB1-E9E4D7F8C3C7}.DVD-5|x86.Deploy.0 = Debug|x86
		{79C8ED46-5AEC-48F5-BEB1-E9E4D7F8C3C7}.Release|Any CPU.ActiveCfg = Release|x86
		{79C8ED46-5AEC-48F5-BEB1-E9E4D7F8C3C7}.Release|ARM.ActiveCfg = Release|ARM
		{79C8ED46-5AEC-48F5-BEB1-E9E4D7F8C3C7}.Release|ARM.Build.0 = Release|ARM
		{79C8ED46-5AEC-48F5-BEB1-E9E4D7F8C3C7}.Release|ARM.Deploy.0 = Release|ARM
		{79C8ED46-5AEC-48F5-BEB1-E9E4D7F8C3C7}.Release|x64.ActiveCfg = Release|x64
		{79C8ED46-5AEC-48F5-BEB1-E9E4D7F8C3C7}.Release|x64.Build.0 = Release|x64
		{79C8ED46-5AEC-48F5-BEB1-E9E4D7F8C3C7}.Release|x64.Deploy.0 = Release|x64
		{79C8ED46-5AEC-48F5-BEB1-E9E4D7F8C3C7}.Release|x86.ActiveCfg = Release|x86
		{79C8ED46-5AEC-48F5-BEB1-E9E4D7F8C3C7}.Release|x86.Build.0 = Release|x86
		{79C8ED46-5AEC-48F5-BEB1-E9E4D7F8C3C7}.Release|x86.Deploy.0 = Release|x86
		{79C8ED46-5AEC-48F5-BEB1-E9E4D7F8C3C7}.SingleImage|Any CPU.ActiveCfg = Release|x64
		{79C8ED46-5AEC-48F5-BEB1-E9E4D7F8C3C7}.SingleImage|Any CPU.Build.0 = Release|x64
		{79C8ED46-5AEC-48F5-BEB1-E9E4D7F8C3C7}.SingleImage|Any CPU.Deploy.0 = Release|x64
		{79C8ED46-5AEC-48F5-BEB1-E9E4D7F8C3C7}.SingleImage|ARM.ActiveCfg = Release|ARM
		{79C8ED46-5AEC-48F5-BEB1-E9E4D7F8C3C7}.SingleImage|ARM.Build.0 = Release|ARM
		{79C8ED46-5AEC-48F5-BEB1-E9E4D7F8C3C7}.SingleImage|ARM.Deploy.0 = Release|ARM
		{79C8ED46-5AEC-48F5-BEB1-E9E4D7F8C3C7}.SingleImage|x64.ActiveCfg = Release|x64
		{79C8ED46-5AEC-48F5-BEB1-E9E4D7F8C3C7}.SingleImage|x64.Build.0 = Release|x64
		{79C8ED46-5AEC-48F5-BEB1-E9E4D7F8C3C7}.SingleImage|x64.Deploy.0 = Release|x64
		{79C8ED46-5AEC-48F5-BEB1-E9E4D7F8C3C7}.SingleImage|x86.ActiveCfg = Release|x86
		{79C8ED46-5AEC-48F5-BEB1-E9E4D7F8C3C7}.SingleImage|x86.Build.0 = Release|x86
		{79C8ED46-5AEC-48F5-BEB1-E9E4D7F8C3C7}.SingleImage|x86.Deploy.0 = Release|x86
		{B60F5F90-5B11-4AD4-A0D9-CA0B84AD2F1E}.CD_ROM|Any CPU.ActiveCfg = Release|Any CPU
		{B60F5F90-5B11-4AD4-A0D9-CA0B84AD2F1E}.CD_ROM|Any CPU.Build.0 = Release|Any CPU
		{B60F5F90-5B11-4AD4-A0D9-CA0B84AD2F1E}.CD_ROM|ARM.ActiveCfg = Release|Any CPU
		{B60F5F90-5B11-4AD4-A0D9-CA0B84AD2F1E}.CD_ROM|ARM.Build.0 = Release|Any CPU
		{B60F5F90-5B11-4AD4-A0D9-CA0B84AD2F1E}.CD_ROM|x64.ActiveCfg = Release|Any CPU
		{B60F5F90-5B11-4AD4-A0D9-CA0B84AD2F1E}.CD_ROM|x64.Build.0 = Release|Any CPU
		{B60F5F90-5B11-4AD4-A0D9-CA0B84AD2F1E}.CD_ROM|x86.ActiveCfg = Release|Any CPU
		{B60F5F90-5B11-4AD4-A0D9-CA0B84AD2F1E}.CD_ROM|x86.Build.0 = Release|Any CPU
		{B60F5F90-5B11-4AD4-A0D9-CA0B84AD2F1E}.Debug|Any CPU.ActiveCfg = Debug|Any CPU
		{B60F5F90-5B11-4AD4-A0D9-CA0B84AD2F1E}.Debug|Any CPU.Build.0 = Debug|Any CPU
		{B60F5F90-5B11-4AD4-A0D9-CA0B84AD2F1E}.Debug|ARM.ActiveCfg = Debug|Any CPU
		{B60F5F90-5B11-4AD4-A0D9-CA0B84AD2F1E}.Debug|ARM.Build.0 = Debug|Any CPU
		{B60F5F90-5B11-4AD4-A0D9-CA0B84AD2F1E}.Debug|x64.ActiveCfg = Debug|Any CPU
		{B60F5F90-5B11-4AD4-A0D9-CA0B84AD2F1E}.Debug|x64.Build.0 = Debug|Any CPU
		{B60F5F90-5B11-4AD4-A0D9-CA0B84AD2F1E}.Debug|x86.ActiveCfg = Debug|Any CPU
		{B60F5F90-5B11-4AD4-A0D9-CA0B84AD2F1E}.Debug|x86.Build.0 = Debug|Any CPU
		{B60F5F90-5B11-4AD4-A0D9-CA0B84AD2F1E}.DVD-5|Any CPU.ActiveCfg = Debug|Any CPU
		{B60F5F90-5B11-4AD4-A0D9-CA0B84AD2F1E}.DVD-5|Any CPU.Build.0 = Debug|Any CPU
		{B60F5F90-5B11-4AD4-A0D9-CA0B84AD2F1E}.DVD-5|ARM.ActiveCfg = Debug|Any CPU
		{B60F5F90-5B11-4AD4-A0D9-CA0B84AD2F1E}.DVD-5|ARM.Build.0 = Debug|Any CPU
		{B60F5F90-5B11-4AD4-A0D9-CA0B84AD2F1E}.DVD-5|x64.ActiveCfg = Debug|Any CPU
		{B60F5F90-5B11-4AD4-A0D9-CA0B84AD2F1E}.DVD-5|x64.Build.0 = Debug|Any CPU
		{B60F5F90-5B11-4AD4-A0D9-CA0B84AD2F1E}.DVD-5|x86.ActiveCfg = Debug|Any CPU
		{B60F5F90-5B11-4AD4-A0D9-CA0B84AD2F1E}.DVD-5|x86.Build.0 = Debug|Any CPU
		{B60F5F90-5B11-4AD4-A0D9-CA0B84AD2F1E}.Release|Any CPU.ActiveCfg = Release|Any CPU
		{B60F5F90-5B11-4AD4-A0D9-CA0B84AD2F1E}.Release|Any CPU.Build.0 = Release|Any CPU
		{B60F5F90-5B11-4AD4-A0D9-CA0B84AD2F1E}.Release|ARM.ActiveCfg = Release|Any CPU
		{B60F5F90-5B11-4AD4-A0D9-CA0B84AD2F1E}.Release|ARM.Build.0 = Release|Any CPU
		{B60F5F90-5B11-4AD4-A0D9-CA0B84AD2F1E}.Release|x64.ActiveCfg = Release|Any CPU
		{B60F5F90-5B11-4AD4-A0D9-CA0B84AD2F1E}.Release|x64.Build.0 = Release|Any CPU
		{B60F5F90-5B11-4AD4-A0D9-CA0B84AD2F1E}.Release|x86.ActiveCfg = Release|Any CPU
		{B60F5F90-5B11-4AD4-A0D9-CA0B84AD2F1E}.Release|x86.Build.0 = Release|Any CPU
		{B60F5F90-5B11-4AD4-A0D9-CA0B84AD2F1E}.SingleImage|Any CPU.ActiveCfg = Release|Any CPU
		{B60F5F90-5B11-4AD4-A0D9-CA0B84AD2F1E}.SingleImage|Any CPU.Build.0 = Release|Any CPU
		{B60F5F90-5B11-4AD4-A0D9-CA0B84AD2F1E}.SingleImage|ARM.ActiveCfg = Release|Any CPU
		{B60F5F90-5B11-4AD4-A0D9-CA0B84AD2F1E}.SingleImage|ARM.Build.0 = Release|Any CPU
		{B60F5F90-5B11-4AD4-A0D9-CA0B84AD2F1E}.SingleImage|x64.ActiveCfg = Release|Any CPU
		{B60F5F90-5B11-4AD4-A0D9-CA0B84AD2F1E}.SingleImage|x64.Build.0 = Release|Any CPU
		{B60F5F90-5B11-4AD4-A0D9-CA0B84AD2F1E}.SingleImage|x86.ActiveCfg = Release|Any CPU
		{B60F5F90-5B11-4AD4-A0D9-CA0B84AD2F1E}.SingleImage|x86.Build.0 = Release|Any CPU
	EndGlobalSection
	GlobalSection(SolutionProperties) = preSolution
		HideSolutionNode = FALSE
	EndGlobalSection
EndGlobal
